
Microsoft Visual Studio Solution File, Format Version 12.00
# Visual Studio Version 17
VisualStudioVersion = 17.0.31903.59
MinimumVisualStudioVersion = 10.0.40219.1
Project("{FAE04EC0-301F-11D3-BF4B-00C04F79EFBC}") = "WebFactoryTestkit.App", "src\WebFactoryTestkit.App\WebFactoryTestkit.App.csproj", "{EDFEA62C-AF53-4056-A2F2-E37CEA04B24A}"
EndProject
Project("{FAE04EC0-301F-11D3-BF4B-00C04F79EFBC}") = "WebFactoryTestKit.Tests", "src\WebFactoryTestKit.Tests\WebFactoryTestKit.Tests.csproj", "{073C1197-C3EE-4B87-95BE-31AE55DC4DBE}"
EndProject
Project("{2150E333-8FDC-42A3-9474-1A3956D46DE8}") = "build", "build", "{EB287448-F03E-48B9-982B-484F29497A8B}"
	ProjectSection(SolutionItems) = preProject
		Directory.Build.props = Directory.Build.props
		Directory.Packages.props = Directory.Packages.props
		global.json = global.json
		nuget.config = nuget.config
	EndProjectSection
EndProject
Global
	GlobalSection(SolutionConfigurationPlatforms) = preSolution
		Debug|Any CPU = Debug|Any CPU
		Release|Any CPU = Release|Any CPU
	EndGlobalSection
	GlobalSection(SolutionProperties) = preSolution
		HideSolutionNode = FALSE
	EndGlobalSection
	GlobalSection(ProjectConfigurationPlatforms) = postSolution
		{EDFEA62C-AF53-4056-A2F2-E37CEA04B24A}.Debug|Any CPU.ActiveCfg = Debug|Any CPU
		{EDFEA62C-AF53-4056-A2F2-E37CEA04B24A}.Debug|Any CPU.Build.0 = Debug|Any CPU
		{EDFEA62C-AF53-4056-A2F2-E37CEA04B24A}.Release|Any CPU.ActiveCfg = Release|Any CPU
		{EDFEA62C-AF53-4056-A2F2-E37CEA04B24A}.Release|Any CPU.Build.0 = Release|Any CPU
		{073C1197-C3EE-4B87-95BE-31AE55DC4DBE}.Debug|Any CPU.ActiveCfg = Debug|Any CPU
		{073C1197-C3EE-4B87-95BE-31AE55DC4DBE}.Debug|Any CPU.Build.0 = Debug|Any CPU
		{073C1197-C3EE-4B87-95BE-31AE55DC4DBE}.Release|Any CPU.ActiveCfg = Release|Any CPU
		{073C1197-C3EE-4B87-95BE-31AE55DC4DBE}.Release|Any CPU.Build.0 = Release|Any CPU
	EndGlobalSection
EndGlobal
